{
  "name": "@verevoir/qrcode",
  "version": "1.0.0",
  "lockfileVersion": 3,
  "requires": true,
  "packages": {
    "": {
      "name": "@verevoir/qrcode",
      "version": "1.0.0",
      "license": "MIT",
      "dependencies": {
        "@verevoir/qr": "^2.0.0"
      },
      "funding": {
        "url": "https://buymeacoffee.com/verevoir"
      },
      "peerDependencies": {
        "@resvg/resvg-js": "^2.0.0"
      },
      "peerDependenciesMeta": {
        "@resvg/resvg-js": {
          "optional": true
        }
      }
    },
    "node_modules/@verevoir/qr": {
      "version": "2.0.0",
      "resolved": "https://registry.npmjs.org/@verevoir/qr/-/qr-2.0.0.tgz",
      "integrity": "sha512-HQJEvfxGGdFKgrf5xr9/59ysVreIK+Taimgu1LIBB4htPSax9ZNSj6SZM9ZPcG+iHITvtHf9MNoU29EE1uPCpA==",
      "license": "MIT",
      "funding": {
        "url": "https://buymeacoffee.com/verevoir"
      },
      "peerDependencies": {
        "@resvg/resvg-js": "^2.0.0"
      },
      "peerDependenciesMeta": {
        "@resvg/resvg-js": {
          "optional": true
        }
      }
    }
  }
}
